PODS:
  - boost (1.51.0):
    - boost/graph-includes (= 1.51.0)
    - boost/math-includes (= 1.51.0)
    - boost/numeric-includes (= 1.51.0)
    - boost/pointer_cast-includes (= 1.51.0)
    - boost/preprocessor-includes (= 1.51.0)
    - boost/shared_ptr-includes (= 1.51.0)
    - boost/string_algorithms-includes (= 1.51.0)
  - boost/graph-includes (1.51.0)
  - boost/math-includes (1.51.0)
  - boost/numeric-includes (1.51.0)
  - boost/pointer_cast-includes (1.51.0)
  - boost/preprocessor-includes (1.51.0)
  - boost/shared_ptr-includes (1.51.0)
  - boost/string_algorithms-includes (1.51.0)
  - Firekast (1.7.1)
  - glm (0.9.4.6)
  - GoogleSignIn (4.3.0):
    - "GoogleToolboxForMac/NSDictionary+URLArguments (~> 2.1)"
    - "GoogleToolboxForMac/NSString+URLArguments (~> 2.1)"
    - GTMOAuth2 (~> 1.0)
    - GTMSessionFetcher/Core (~> 1.1)
  - GoogleToolboxForMac/DebugUtils (2.2.0):
    - GoogleToolboxForMac/Defines (= 2.2.0)
  - GoogleToolboxForMac/Defines (2.2.0)
  - "GoogleToolboxForMac/NSDictionary+URLArguments (2.2.0)":
    - GoogleToolboxForMac/DebugUtils (= 2.2.0)
    - GoogleToolboxForMac/Defines (= 2.2.0)
    - "GoogleToolboxForMac/NSString+URLArguments (= 2.2.0)"
  - "GoogleToolboxForMac/NSString+URLArguments (2.2.0)"
  - GTMOAuth2 (1.1.6):
    - GTMSessionFetcher (~> 1.1)
  - GTMSessionFetcher (1.2.1):
    - GTMSessionFetcher/Full (= 1.2.1)
  - GTMSessionFetcher/Core (1.2.1)
  - GTMSessionFetcher/Full (1.2.1):
    - GTMSessionFetcher/Core (= 1.2.1)
  - UriParser-cpp (0.1.3)
  - VideoCore (0.3.2):
    - boost (~> 1.51.0)
    - glm (~> 0.9.4.6)
    - UriParser-cpp (~> 0.1.3)

DEPENDENCIES:
  - Firekast (from `http://firekast.io/sdk/ios/v1.7.1/Firekast.podspec`)
  - GoogleSignIn (= 4.3.0)
  - VideoCore (from `https://github.com/Firekast-io/VideoCore.git`, tag `fk-1.7.1`)

SPEC REPOS:
  https://github.com/cocoapods/specs.git:
    - boost
    - glm
    - GoogleSignIn
    - GoogleToolboxForMac
    - GTMOAuth2
    - GTMSessionFetcher
    - UriParser-cpp

EXTERNAL SOURCES:
  Firekast:
    :podspec: http://firekast.io/sdk/ios/v1.7.1/Firekast.podspec
  VideoCore:
    :git: https://github.com/Firekast-io/VideoCore.git
    :tag: fk-1.7.1

CHECKOUT OPTIONS:
  VideoCore:
    :git: https://github.com/Firekast-io/VideoCore.git
    :tag: fk-1.7.1

SPEC CHECKSUMS:
  boost: 6c5c8d8daef26ac83c1e1c00ad14de62b80161d7
  Firekast: 08d9ac3b5b6c7064125cbc0540419c371953ef0a
  glm: e22c8d9df10404059b19c2952f9fa44d9a9f3056
  GoogleSignIn: 11183592dc63e105475c7305a325045ff95e02b7
  GoogleToolboxForMac: ff31605b7d66400dcec09bed5861689aebadda4d
  GTMOAuth2: e8b6512c896235149df975c41d9a36c868ab7fba
  GTMSessionFetcher: 32aeca0aa144acea523e1c8e053089dec2cb98ca
  UriParser-cpp: cbbe00080ee432ec4833dca863a7fc83adc9b01a
  VideoCore: 9f9a95324d76cc123c19ec25c71fe06001d9c1d8

PODFILE CHECKSUM: 6a44b88bb296f93072619ca050f8eac402ff11ff

COCOAPODS: 1.6.1
