// !$*UTF8*$!
{
	archiveVersion = 1;
	classes = {
	};
	objectVersion = 50;
	objects = {

/* Begin PBXBuildFile section */
		452E60ACD27E48E20DEB5F85 /* Pods_Firekast_Demo.framework in Frameworks */ = {isa = PBXBuildFile; fileRef = 2FFFFACC744133ED459CC456 /* Pods_Firekast_Demo.framework */; };
		F56122F0208A0DCC001BF7A7 /* AppDelegate.swift in Sources */ = {isa = PBXBuildFile; fileRef = F56122EF208A0DCC001BF7A7 /* AppDelegate.swift */; };
		F56122F2208A0DCC001BF7A7 /* FirstViewController.swift in Sources */ = {isa = PBXBuildFile; fileRef = F56122F1208A0DCC001BF7A7 /* FirstViewController.swift */; };
		F56122F4208A0DCC001BF7A7 /* SecondViewController.swift in Sources */ = {isa = PBXBuildFile; fileRef = F56122F3208A0DCC001BF7A7 /* SecondViewController.swift */; };
		F56122F7208A0DCC001BF7A7 /* Main.storyboard in Resources */ = {isa = PBXBuildFile; fileRef = F56122F5208A0DCC001BF7A7 /* Main.storyboard */; };
		F56122F9208A0DCD001BF7A7 /* Assets.xcassets in Resources */ = {isa = PBXBuildFile; fileRef = F56122F8208A0DCD001BF7A7 /* Assets.xcassets */; };
		F56122FC208A0DCD001BF7A7 /* LaunchScreen.storyboard in Resources */ = {isa = PBXBuildFile; fileRef = F56122FA208A0DCD001BF7A7 /* LaunchScreen.storyboard */; };
/* End PBXBuildFile section */

/* Begin PBXFileReference section */
		2FFFFACC744133ED459CC456 /* Pods_Firekast_Demo.framework */ = {isa = PBXFileReference; explicitFileType = wrapper.framework; includeInIndex = 0; path = Pods_Firekast_Demo.framework; sourceTree = BUILT_PRODUCTS_DIR; };
		94A9F932A81F3381F3DC4853 /* Pods-Firekast Demo.debug.xcconfig */ = {isa = PBXFileReference; includeInIndex = 1; lastKnownFileType = text.xcconfig; name = "Pods-Firekast Demo.debug.xcconfig"; path = "Pods/Target Support Files/Pods-Firekast Demo/Pods-Firekast Demo.debug.xcconfig"; sourceTree = "<group>"; };
		B8725E9701E3348C5F26849D /* Pods-Firekast Demo.release.xcconfig */ = {isa = PBXFileReference; includeInIndex = 1; lastKnownFileType = text.xcconfig; name = "Pods-Firekast Demo.release.xcconfig"; path = "Pods/Target Support Files/Pods-Firekast Demo/Pods-Firekast Demo.release.xcconfig"; sourceTree = "<group>"; };
		F56122EC208A0DCC001BF7A7 /* Firekast Demo.app */ = {isa = PBXFileReference; explicitFileType = wrapper.application; includeInIndex = 0; path = "Firekast Demo.app"; sourceTree = BUILT_PRODUCTS_DIR; };
		F56122EF208A0DCC001BF7A7 /* AppDelegate.swift */ = {isa = PBXFileReference; lastKnownFileType = sourcecode.swift; path = AppDelegate.swift; sourceTree = "<group>"; };
		F56122F1208A0DCC001BF7A7 /* FirstViewController.swift */ = {isa = PBXFileReference; lastKnownFileType = sourcecode.swift; path = FirstViewController.swift; sourceTree = "<group>"; };
		F56122F3208A0DCC001BF7A7 /* SecondViewController.swift */ = {isa = PBXFileReference; lastKnownFileType = sourcecode.swift; path = SecondViewController.swift; sourceTree = "<group>"; };
		F56122F6208A0DCC001BF7A7 /* Base */ = {isa = PBXFileReference; lastKnownFileType = file.storyboard; name = Base; path = Base.lproj/Main.storyboard; sourceTree = "<group>"; };
		F56122F8208A0DCD001BF7A7 /* Assets.xcassets */ = {isa = PBXFileReference; lastKnownFileType = folder.assetcatalog; path = Assets.xcassets; sourceTree = "<group>"; };
		F56122FB208A0DCD001BF7A7 /* Base */ = {isa = PBXFileReference; lastKnownFileType = file.storyboard; name = Base; path = Base.lproj/LaunchScreen.storyboard; sourceTree = "<group>"; };
		F56122FD208A0DCD001BF7A7 /* Info.plist */ = {isa = PBXFileReference; lastKnownFileType = text.plist.xml; path = Info.plist; sourceTree = "<group>"; };
/* End PBXFileReference section */

/* Begin PBXFrameworksBuildPhase section */
		F56122E9208A0DCC001BF7A7 /* Frameworks */ = {
			isa = PBXFrameworksBuildPhase;
			buildActionMask = 2147483647;
			files = (
				452E60ACD27E48E20DEB5F85 /* Pods_Firekast_Demo.framework in Frameworks */,
			);
			runOnlyForDeploymentPostprocessing = 0;
		};
/* End PBXFrameworksBuildPhase section */

/* Begin PBXGroup section */
		2156242BD63B10A113931224 /* Pods */ = {
			isa = PBXGroup;
			children = (
				94A9F932A81F3381F3DC4853 /* Pods-Firekast Demo.debug.xcconfig */,
				B8725E9701E3348C5F26849D /* Pods-Firekast Demo.release.xcconfig */,
			);
			name = Pods;
			sourceTree = "<group>";
		};
		8C3357235BA4631F00BE2CCD /* Frameworks */ = {
			isa = PBXGroup;
			children = (
				2FFFFACC744133ED459CC456 /* Pods_Firekast_Demo.framework */,
			);
			name = Frameworks;
			sourceTree = "<group>";
		};
		F56122E3208A0DCC001BF7A7 = {
			isa = PBXGroup;
			children = (
				F56122EE208A0DCC001BF7A7 /* Firekast Demo */,
				F56122ED208A0DCC001BF7A7 /* Products */,
				2156242BD63B10A113931224 /* Pods */,
				8C3357235BA4631F00BE2CCD /* Frameworks */,
			);
			sourceTree = "<group>";
		};
		F56122ED208A0DCC001BF7A7 /* Products */ = {
			isa = PBXGroup;
			children = (
				F56122EC208A0DCC001BF7A7 /* Firekast Demo.app */,
			);
			name = Products;
			sourceTree = "<group>";
		};
		F56122EE208A0DCC001BF7A7 /* Firekast Demo */ = {
			isa = PBXGroup;
			children = (
				F56122EF208A0DCC001BF7A7 /* AppDelegate.swift */,
				F56122F1208A0DCC001BF7A7 /* FirstViewController.swift */,
				F56122F3208A0DCC001BF7A7 /* SecondViewController.swift */,
				F56122F5208A0DCC001BF7A7 /* Main.storyboard */,
				F56122F8208A0DCD001BF7A7 /* Assets.xcassets */,
				F56122FA208A0DCD001BF7A7 /* LaunchScreen.storyboard */,
				F56122FD208A0DCD001BF7A7 /* Info.plist */,
			);
			path = "Firekast Demo";
			sourceTree = "<group>";
		};
/* End PBXGroup section */

/* Begin PBXNativeTarget section */
		F56122EB208A0DCC001BF7A7 /* Firekast Demo */ = {
			isa = PBXNativeTarget;
			buildConfigurationList = F5612300208A0DCD001BF7A7 /* Build configuration list for PBXNativeTarget "Firekast Demo" */;
			buildPhases = (
				290AC5833485DF67A9588BCD /* [CP] Check Pods Manifest.lock */,
				F56122E8208A0DCC001BF7A7 /* Sources */,
				F56122E9208A0DCC001BF7A7 /* Frameworks */,
				F56122EA208A0DCC001BF7A7 /* Resources */,
			);
			buildRules = (
			);
			dependencies = (
			);
			name = "Firekast Demo";
			productName = "Firekast Demo";
			productReference = F56122EC208A0DCC001BF7A7 /* Firekast Demo.app */;
			productType = "com.apple.product-type.application";
		};
/* End PBXNativeTarget section */

/* Begin PBXProject section */
		F56122E4208A0DCC001BF7A7 /* Project object */ = {
			isa = PBXProject;
			attributes = {
				LastSwiftUpdateCheck = 0930;
				LastUpgradeCheck = 0930;
				ORGANIZATIONNAME = Firekast;
				TargetAttributes = {
					F56122EB208A0DCC001BF7A7 = {
						CreatedOnToolsVersion = 9.3;
					};
				};
			};
			buildConfigurationList = F56122E7208A0DCC001BF7A7 /* Build configuration list for PBXProject "Firekast Demo" */;
			compatibilityVersion = "Xcode 9.3";
			developmentRegion = en;
			hasScannedForEncodings = 0;
			knownRegions = (
				en,
				Base,
			);
			mainGroup = F56122E3208A0DCC001BF7A7;
			productRefGroup = F56122ED208A0DCC001BF7A7 /* Products */;
			projectDirPath = "";
			projectRoot = "";
			targets = (
				F56122EB208A0DCC001BF7A7 /* Firekast Demo */,
			);
		};
/* End PBXProject section */

/* Begin PBXResourcesBuildPhase section */
		F56122EA208A0DCC001BF7A7 /* Resources */ = {
			isa = PBXResourcesBuildPhase;
			buildActionMask = 2147483647;
			files = (
				F56122FC208A0DCD001BF7A7 /* LaunchScreen.storyboard in Resources */,
				F56122F9208A0DCD001BF7A7 /* Assets.xcassets in Resources */,
				F56122F7208A0DCC001BF7A7 /* Main.storyboard in Resources */,
			);
			runOnlyForDeploymentPostprocessing = 0;
		};
/* End PBXResourcesBuildPhase section */

/* Begin PBXShellScriptBuildPhase section */
		290AC5833485DF67A9588BCD /* [CP] Check Pods Manifest.lock */ = {
			isa = PBXShellScriptBuildPhase;
			buildActionMask = 2147483647;
			files = (
			);
			inputPaths = (
				"${PODS_PODFILE_DIR_PATH}/Podfile.lock",
				"${PODS_ROOT}/Manifest.lock",
			);
			name = "[CP] Check Pods Manifest.lock";
			outputPaths = (
				"$(DERIVED_FILE_DIR)/Pods-Firekast Demo-checkManifestLockResult.txt",
			);
			runOnlyForDeploymentPostprocessing = 0;
			shellPath = /bin/sh;
			shellScript = "diff \"${PODS_PODFILE_DIR_PATH}/Podfile.lock\" \"${PODS_ROOT}/Manifest.lock\" > /dev/null\nif [ $? != 0 ] ; then\n    # print error to STDERR\n    echo \"error: The sandbox is not in sync with the Podfile.lock. Run 'pod install' or update your CocoaPods installation.\" >&2\n    exit 1\nfi\n# This output is used by Xcode 'outputs' to avoid re-running this script phase.\necho \"SUCCESS\" > \"${SCRIPT_OUTPUT_FILE_0}\"\n";
			showEnvVarsInLog = 0;
		};
/* End PBXShellScriptBuildPhase section */

/* Begin PBXSourcesBuildPhase section */
		F56122E8208A0DCC001BF7A7 /* Sources */ = {
			isa = PBXSourcesBuildPhase;
			buildActionMask = 2147483647;
			files = (
				F56122F4208A0DCC001BF7A7 /* SecondViewController.swift in Sources */,
				F56122F0208A0DCC001BF7A7 /* AppDelegate.swift in Sources */,
				F56122F2208A0DCC001BF7A7 /* FirstViewController.swift in Sources */,
			);
			runOnlyForDeploymentPostprocessing = 0;
		};
/* End PBXSourcesBuildPhase section */

/* Begin PBXVariantGroup section */
		F56122F5208A0DCC001BF7A7 /* Main.storyboard */ = {
			isa = PBXVariantGroup;
			children = (
				F56122F6208A0DCC001BF7A7 /* Base */,
			);
			name = Main.storyboard;
			sourceTree = "<group>";
		};
		F56122FA208A0DCD001BF7A7 /* LaunchScreen.storyboard */ = {
			isa = PBXVariantGroup;
			children = (
				F56122FB208A0DCD001BF7A7 /* Base */,
			);
			name = LaunchScreen.storyboard;
			sourceTree = "<group>";
		};
/* End PBXVariantGroup section */

/* Begin XCBuildConfiguration section */
		F56122FE208A0DCD001BF7A7 /* Debug */ = {
			isa = XCBuildConfiguration;
			buildSettings = {
				ALWAYS_SEARCH_USER_PATHS = NO;
				CLANG_ANALYZER_NONNULL = YES;
				CLANG_ANALYZER_NUMBER_OBJECT_CONVERSION = YES_AGGRESSIVE;
				CLANG_CXX_LANGUAGE_STANDARD = "gnu++14";
				CLANG_CXX_LIBRARY = "libc++";
				CLANG_ENABLE_MODULES = YES;
				CLANG_ENABLE_OBJC_ARC = YES;
				CLANG_ENABLE_OBJC_WEAK = YES;
				CLANG_WARN_BLOCK_CAPTURE_AUTORELEASING = YES;
				CLANG_WARN_BOOL_CONVERSION = YES;
				CLANG_WARN_COMMA = YES;
				CLANG_WARN_CONSTANT_CONVERSION = YES;
				CLANG_WARN_DEPRECATED_OBJC_IMPLEMENTATIONS = YES;
				CLANG_WARN_DIRECT_OBJC_ISA_USAGE = YES_ERROR;
				CLANG_WARN_DOCUMENTATION_COMMENTS = YES;
				CLANG_WARN_EMPTY_BODY = YES;
				CLANG_WARN_ENUM_CONVERSION = YES;
				CLANG_WARN_INFINITE_RECURSION = YES;
				CLANG_WARN_INT_CONVERSION = YES;
				CLANG_WARN_NON_LITERAL_NULL_CONVERSION = YES;
				CLANG_WARN_OBJC_IMPLICIT_RETAIN_SELF = YES;
				CLANG_WARN_OBJC_LITERAL_CONVERSION = YES;
				CLANG_WARN_OBJC_ROOT_CLASS = YES_ERROR;
				CLANG_WARN_RANGE_LOOP_ANALYSIS = YES;
				CLANG_WARN_STRICT_PROTOTYPES = YES;
				CLANG_WARN_SUSPICIOUS_MOVE = YES;
				CLANG_WARN_UNGUARDED_AVAILABILITY = YES_AGGRESSIVE;
				CLANG_WARN_UNREACHABLE_CODE = YES;
				CLANG_WARN__DUPLICATE_METHOD_MATCH = YES;
				CODE_SIGN_IDENTITY = "iPhone Developer";
				COPY_PHASE_STRIP = NO;
				DEBUG_INFORMATION_FORMAT = dwarf;
				ENABLE_STRICT_OBJC_MSGSEND = YES;
				ENABLE_TESTABILITY = YES;
				GCC_C_LANGUAGE_STANDARD = gnu11;
				GCC_DYNAMIC_NO_PIC = NO;
				GCC_NO_COMMON_BLOCKS = YES;
				GCC_OPTIMIZATION_LEVEL = 0;
				GCC_PREPROCESSOR_DEFINITIONS = (
					"DEBUG=1",
					"$(inherited)",
				);
				GCC_WARN_64_TO_32_BIT_CONVERSION = YES;
				GCC_WARN_ABOUT_RETURN_TYPE = YES_ERROR;
				GCC_WARN_UNDECLARED_SELECTOR = YES;
				GCC_WARN_UNINITIALIZED_AUTOS = YES_AGGRESSIVE;
				GCC_WARN_UNUSED_FUNCTION = YES;
				GCC_WARN_UNUSED_VARIABLE = YES;
				IPHONEOS_DEPLOYMENT_TARGET = 11.3;
				MTL_ENABLE_DEBUG_INFO = YES;
				ONLY_ACTIVE_ARCH = YES;
				SDKROOT = iphoneos;
				SWIFT_ACTIVE_COMPILATION_CONDITIONS = DEBUG;
				SWIFT_OPTIMIZATION_LEVEL = "-Onone";
			};
			name = Debug;
		};
		F56122FF208A0DCD001BF7A7 /* Release */ = {
			isa = XCBuildConfiguration;
			buildSettings = {
				ALWAYS_SEARCH_USER_PATHS = NO;
				CLANG_ANALYZER_NONNULL = YES;
				CLANG_ANALYZER_NUMBER_OBJECT_CONVERSION = YES_AGGRESSIVE;
				CLANG_CXX_LANGUAGE_STANDARD = "gnu++14";
				CLANG_CXX_LIBRARY = "libc++";
				CLANG_ENABLE_MODULES = YES;
				CLANG_ENABLE_OBJC_ARC = YES;
				CLANG_ENABLE_OBJC_WEAK = YES;
				CLANG_WARN_BLOCK_CAPTURE_AUTORELEASING = YES;
				CLANG_WARN_BOOL_CONVERSION = YES;
				CLANG_WARN_COMMA = YES;
				CLANG_WARN_CONSTANT_CONVERSION = YES;
				CLANG_WARN_DEPRECATED_OBJC_IMPLEMENTATIONS = YES;
				CLANG_WARN_DIRECT_OBJC_ISA_USAGE = YES_ERROR;
				CLANG_WARN_DOCUMENTATION_COMMENTS = YES;
				CLANG_WARN_EMPTY_BODY = YES;
				CLANG_WARN_ENUM_CONVERSION = YES;
				CLANG_WARN_INFINITE_RECURSION = YES;
				CLANG_WARN_INT_CONVERSION = YES;
				CLANG_WARN_NON_LITERAL_NULL_CONVERSION = YES;
				CLANG_WARN_OBJC_IMPLICIT_RETAIN_SELF = YES;
				CLANG_WARN_OBJC_LITERAL_CONVERSION = YES;
				CLANG_WARN_OBJC_ROOT_CLASS = YES_ERROR;
				CLANG_WARN_RANGE_LOOP_ANALYSIS = YES;
				CLANG_WARN_STRICT_PROTOTYPES = YES;
				CLANG_WARN_SUSPICIOUS_MOVE = YES;
				CLANG_WARN_UNGUARDED_AVAILABILITY = YES_AGGRESSIVE;
				CLANG_WARN_UNREACHABLE_CODE = YES;
				CLANG_WARN__DUPLICATE_METHOD_MATCH = YES;
				CODE_SIGN_IDENTITY = "iPhone Developer";
				COPY_PHASE_STRIP = NO;
				DEBUG_INFORMATION_FORMAT = "dwarf-with-dsym";
				ENABLE_NS_ASSERTIONS = NO;
				ENABLE_STRICT_OBJC_MSGSEND = YES;
				GCC_C_LANGUAGE_STANDARD = gnu11;
				GCC_NO_COMMON_BLOCKS = YES;
				GCC_WARN_64_TO_32_BIT_CONVERSION = YES;
				GCC_WARN_ABOUT_RETURN_TYPE = YES_ERROR;
				GCC_WARN_UNDECLARED_SELECTOR = YES;
				GCC_WARN_UNINITIALIZED_AUTOS = YES_AGGRESSIVE;
				GCC_WARN_UNUSED_FUNCTION = YES;
				GCC_WARN_UNUSED_VARIABLE = YES;
				IPHONEOS_DEPLOYMENT_TARGET = 11.3;
				MTL_ENABLE_DEBUG_INFO = NO;
				SDKROOT = iphoneos;
				SWIFT_COMPILATION_MODE = wholemodule;
				SWIFT_OPTIMIZATION_LEVEL = "-O";
				VALIDATE_PRODUCT = YES;
			};
			name = Release;
		};
		F5612301208A0DCD001BF7A7 /* Debug */ = {
			isa = XCBuildConfiguration;
			baseConfigurationReference = 94A9F932A81F3381F3DC4853 /* Pods-Firekast Demo.debug.xcconfig */;
			buildSettings = {
				ASSETCATALOG_COMPILER_APPICON_NAME = AppIcon;
				CODE_SIGN_STYLE = Automatic;
				DEVELOPMENT_TEAM = 3V625GQ5E9;
				INFOPLIST_FILE = "Firekast Demo/Info.plist";
				LD_RUNPATH_SEARCH_PATHS = "$(inherited) @executable_path/Frameworks";
				PRODUCT_BUNDLE_IDENTIFIER = "io.firekast.Firekast-Demo";
				PRODUCT_NAME = "$(TARGET_NAME)";
				SWIFT_VERSION = 4.0;
				TARGETED_DEVICE_FAMILY = "1,2";
			};
			name = Debug;
		};
		F5612302208A0DCD001BF7A7 /* Release */ = {
			isa = XCBuildConfiguration;
			baseConfigurationReference = B8725E9701E3348C5F26849D /* Pods-Firekast Demo.release.xcconfig */;
			buildSettings = {
				ASSETCATALOG_COMPILER_APPICON_NAME = AppIcon;
				CODE_SIGN_STYLE = Automatic;
				DEVELOPMENT_TEAM = 3V625GQ5E9;
				INFOPLIST_FILE = "Firekast Demo/Info.plist";
				LD_RUNPATH_SEARCH_PATHS = "$(inherited) @executable_path/Frameworks";
				PRODUCT_BUNDLE_IDENTIFIER = "io.firekast.Firekast-Demo";
				PRODUCT_NAME = "$(TARGET_NAME)";
				SWIFT_VERSION = 4.0;
				TARGETED_DEVICE_FAMILY = "1,2";
			};
			name = Release;
		};
/* End XCBuildConfiguration section */

/* Begin XCConfigurationList section */
		F56122E7208A0DCC001BF7A7 /* Build configuration list for PBXProject "Firekast Demo" */ = {
			isa = XCConfigurationList;
			buildConfigurations = (
				F56122FE208A0DCD001BF7A7 /* Debug */,
				F56122FF208A0DCD001BF7A7 /* Release */,
			);
			defaultConfigurationIsVisible = 0;
			defaultConfigurationName = Release;
		};
		F5612300208A0DCD001BF7A7 /* Build configuration list for PBXNativeTarget "Firekast Demo" */ = {
			isa = XCConfigurationList;
			buildConfigurations = (
				F5612301208A0DCD001BF7A7 /* Debug */,
				F5612302208A0DCD001BF7A7 /* Release */,
			);
			defaultConfigurationIsVisible = 0;
			defaultConfigurationName = Release;
		};
/* End XCConfigurationList section */
	};
	rootObject = F56122E4208A0DCC001BF7A7 /* Project object */;
}
